
Microsoft Visual Studio Solution File, Format Version 12.00
# Visual Studio Version 16
VisualStudioVersion = 16.0.30002.166
MinimumVisualStudioVersion = 10.0.40219.1
Project("{FAE04EC0-301F-11D3-BF4B-00C04F79EFBC}") = "AspNetProekt3", "AspNetProekt3.csproj", "{DDC2BC90-0440-49F5-BE5D-E5C5CBFB6BCB}"
EndProject
Global
	GlobalSection(SolutionConfigurationPlatforms) = preSolution
		Debug|Any CPU = Debug|Any CPU
		Release|Any CPU = Release|Any CPU
	EndGlobalSection
	GlobalSection(ProjectConfigurationPlatforms) = postSolution
		{DDC2BC90-0440-49F5-BE5D-E5C5CBFB6BCB}.Debug|Any CPU.ActiveCfg = Debug|Any CPU
		{DDC2BC90-0440-49F5-BE5D-E5C5CBFB6BCB}.Debug|Any CPU.Build.0 = Debug|Any CPU
		{DDC2BC90-0440-49F5-BE5D-E5C5CBFB6BCB}.Release|Any CPU.ActiveCfg = Release|Any CPU
		{DDC2BC90-0440-49F5-BE5D-E5C5CBFB6BCB}.Release|Any CPU.Build.0 = Release|Any CPU
	EndGlobalSection
	GlobalSection(SolutionProperties) = preSolution
		HideSolutionNode = FALSE
	EndGlobalSection
	GlobalSection(ExtensibilityGlobals) = postSolution
		SolutionGuid = {8352797B-AAB9-4E3F-94BA-33D198E69285}
	EndGlobalSection
EndGlobal
